
Microsoft Visual Studio Solution File, Format Version 12.00
# Visual Studio Version 17
VisualStudioVersion = 17.14.36109.1 d17.14
MinimumVisualStudioVersion = 10.0.40219.1
Project("{FAE04EC0-301F-11D3-BF4B-00C04F79EFBC}") = "QuitSmoking.Repositories.HoangNV", "QuitSmoking.Repositories.HoangNV\QuitSmoking.Repositories.HoangNV.csproj", "{007E0FF4-1579-49C7-9112-82E6E6ADDE64}"
EndProject
Project("{FAE04EC0-301F-11D3-BF4B-00C04F79EFBC}") = "QuitSmoking.Services.HoangNV", "QuitSmoking.Services.HoangNV\QuitSmoking.Services.HoangNV.csproj", "{1ECE25DD-3044-4B0F-8F85-26CCED4414EE}"
EndProject
Project("{FAE04EC0-301F-11D3-BF4B-00C04F79EFBC}") = "QuitSmoking.API.HoangNV", "QuitSmoking.API.HoangNV\QuitSmoking.API.HoangNV.csproj", "{50082C65-3E1B-41A9-8926-F7DA69BB32B3}"
EndProject
Project("{FAE04EC0-301F-11D3-BF4B-00C04F79EFBC}") = "QuitSmoking.FE.Hoangnv", "QuitSmoking.FE.Hoangnv\QuitSmoking.FE.Hoangnv.csproj", "{617780E2-B113-44C6-96DD-AEDE598FF8EF}"
EndProject
Global
	GlobalSection(SolutionConfigurationPlatforms) = preSolution
		Debug|Any CPU = Debug|Any CPU
		Release|Any CPU = Release|Any CPU
	EndGlobalSection
	GlobalSection(ProjectConfigurationPlatforms) = postSolution
		{007E0FF4-1579-49C7-9112-82E6E6ADDE64}.Debug|Any CPU.ActiveCfg = Debug|Any CPU
		{007E0FF4-1579-49C7-9112-82E6E6ADDE64}.Debug|Any CPU.Build.0 = Debug|Any CPU
		{007E0FF4-1579-49C7-9112-82E6E6ADDE64}.Release|Any CPU.ActiveCfg = Release|Any CPU
		{007E0FF4-1579-49C7-9112-82E6E6ADDE64}.Release|Any CPU.Build.0 = Release|Any CPU
		{1ECE25DD-3044-4B0F-8F85-26CCED4414EE}.Debug|Any CPU.ActiveCfg = Debug|Any CPU
		{1ECE25DD-3044-4B0F-8F85-26CCED4414EE}.Debug|Any CPU.Build.0 = Debug|Any CPU
		{1ECE25DD-3044-4B0F-8F85-26CCED4414EE}.Release|Any CPU.ActiveCfg = Release|Any CPU
		{1ECE25DD-3044-4B0F-8F85-26CCED4414EE}.Release|Any CPU.Build.0 = Release|Any CPU
		{50082C65-3E1B-41A9-8926-F7DA69BB32B3}.Debug|Any CPU.ActiveCfg = Debug|Any CPU
		{50082C65-3E1B-41A9-8926-F7DA69BB32B3}.Debug|Any CPU.Build.0 = Debug|Any CPU
		{50082C65-3E1B-41A9-8926-F7DA69BB32B3}.Release|Any CPU.ActiveCfg = Release|Any CPU
		{50082C65-3E1B-41A9-8926-F7DA69BB32B3}.Release|Any CPU.Build.0 = Release|Any CPU
		{617780E2-B113-44C6-96DD-AEDE598FF8EF}.Debug|Any CPU.ActiveCfg = Debug|Any CPU
		{617780E2-B113-44C6-96DD-AEDE598FF8EF}.Debug|Any CPU.Build.0 = Debug|Any CPU
		{617780E2-B113-44C6-96DD-AEDE598FF8EF}.Release|Any CPU.ActiveCfg = Release|Any CPU
		{617780E2-B113-44C6-96DD-AEDE598FF8EF}.Release|Any CPU.Build.0 = Release|Any CPU
	EndGlobalSection
	GlobalSection(SolutionProperties) = preSolution
		HideSolutionNode = FALSE
	EndGlobalSection
	GlobalSection(ExtensibilityGlobals) = postSolution
		SolutionGuid = {B3F77300-4260-4724-91CE-93FB773E73F6}
	EndGlobalSection
EndGlobal
